lockfileVersion: '9.0'

settings:
  autoInstallPeers: true
  excludeLinksFromLockfile: false

importers:

  .:
    dependencies:
      '@inngest/test':
        specifier: file:../test/inngest-test.tgz
        version: file:../test/inngest-test.tgz
      inngest:
        specifier: file:../inngest/inngest.tgz
        version: file:../inngest/inngest.tgz

packages:

  '@inngest/test@file:../test/inngest-test.tgz':
    resolution: {integrity: sha512-62KnW5692EADFbSuBMWG4jX0pTgPkk06LwZJThTW8HOlmdXCraxL+80hxXggB9dPOdbBLKmNcrzdhPPa1ErkMQ==, tarball: file:../test/inngest-test.tgz}
    version: 0.1.0

  '@types/debug@4.1.12':
    resolution: {integrity: sha512-vIChWdVG3LG1SMxEvI/AK+FWJthlrqlTu7fbrlywTkkaONwk/UAGaULXRlf8vkzFBLVm0zkMdCquhL5aOjhXPQ==}

  '@types/ms@0.7.34':
    resolution: {integrity: sha512-nG96G3Wp6acyAgJqGasjODb+acrI7KltPiRxzHPXnP3NgI28bpQDRv53olbqGXbfcgF5aiiHmO3xpwEpS5Ld9g==}

  ansi-regex@4.1.1:
    resolution: {integrity: sha512-ILlv4k/3f6vfQ4OoP2AGvirOktlQ98ZEL1k9FaQjxa3L1abBgbuTDAdPOpvbGncC0BTVQrl+OM8xZGK6tWXt7g==}
    engines: {node: '>=6'}

  ansi-styles@4.3.0:
    resolution: {integrity: sha512-zbB9rCJAT1rbjiVDb2hqKFHNYLxgtk8NURxZ3IZwD3F6NtxbXZQCnnSi1Lkx+IDohdPlFp222wVALIheZJQSEg==}
    engines: {node: '>=8'}

  canonicalize@1.0.8:
    resolution: {integrity: sha512-0CNTVCLZggSh7bc5VkX5WWPWO+cyZbNd07IHIsSXLia/eAq+r836hgk+8BKoEh7949Mda87VUOitx5OddVj64A==}

  chalk@4.1.2:
    resolution: {integrity: sha512-oKnbhFyRIXpUuez8iBMmyEa4nbj4IOQyuhc/wy9kY7/WVPcwIO9VA668Pu8RkO7+0G76SLROeyw9CpQ061i4mA==}
    engines: {node: '>=10'}

  color-convert@2.0.1:
    resolution: {integrity: sha512-RRECPsj7iu/xb5oKYcsFHSppFNnsj/52OVTRKb4zP5onXwVF3zVmmToNcOfGC+CRDpfK/U584fMg38ZHCaElKQ==}
    engines: {node: '>=7.0.0'}

  color-name@1.1.4:
    resolution: {integrity: sha512-dOy+3AuW3a2wNbZHIuMZpTcgjGuLU/uBL/ubcZF9OXbDo8ff4O8yVp5Bf0efS8uEoYo5q4Fx7dY9OgQGXgAsQA==}

  cross-fetch@4.0.0:
    resolution: {integrity: sha512-e4a5N8lVvuLgAWgnCrLr2PP0YyDOTHa9H/Rj54dirp61qXnNq46m82bRhNqIA5VccJtWBvPTFRV3TtvHUKPB1g==}

  debug@4.3.7:
    resolution: {integrity: sha512-Er2nc/H7RrMXZBFCEim6TCmMk02Z8vLC2Rbi1KEBggpo0fS6l0S1nnapwmIi3yW/+GOJap1Krg4w0Hg80oCqgQ==}
    engines: {node: '>=6.0'}
    peerDependencies:
      supports-color: '*'
    peerDependenciesMeta:
      supports-color:
        optional: true

  has-flag@4.0.0:
    resolution: {integrity: sha512-EykJT/Q1KjTWctppgIAgfSO0tKVuZUjhgMr17kqTumMl6Afv3EISleU7qZUzoXDFTAHTDC4NOoG/ZxU3EvlMPQ==}
    engines: {node: '>=8'}

  hash.js@1.1.7:
    resolution: {integrity: sha512-taOaskGt4z4SOANNseOviYDvjEJinIkRgmp7LbKP2YTTmVxWBl87s/uzK9r+44BclBSp2X7K1hqeNfz9JbBeXA==}

  inherits@2.0.4:
    resolution: {integrity: sha512-k/vGaX4/Yla3WzyMCvTQOXYeIHvqOKtnqBduzTHpzpQZzAskKMhZ2K+EnBiSM9zGSoIFeMpXKxa4dYeZIQqewQ==}

  inngest@3.25.1:
    resolution: {integrity: sha512-d/0Fa9A3MeqSDh+N0cH628vi4uE2dQbrsTT684ilKMtIYNhWhkSh5xswQtCfOE8Wr2zxmmuQTfB+sdk6sDy+OA==}
    engines: {node: '>=14'}
    peerDependencies:
      '@sveltejs/kit': '>=1.27.3'
      '@vercel/node': '>=2.15.9'
      aws-lambda: '>=1.0.7'
      express: '>=4.19.2'
      fastify: '>=4.21.0'
      h3: '>=1.8.1'
      hono: '>=4.2.7'
      koa: '>=2.14.2'
      next: '>=12.0.0'
      typescript: '>=4.7.2'
    peerDependenciesMeta:
      '@sveltejs/kit':
        optional: true
      '@vercel/node':
        optional: true
      aws-lambda:
        optional: true
      express:
        optional: true
      fastify:
        optional: true
      h3:
        optional: true
      hono:
        optional: true
      koa:
        optional: true
      next:
        optional: true
      typescript:
        optional: true

  inngest@file:../inngest/inngest.tgz:
    resolution: {integrity: sha512-+3lVubE9kGoICGk5FYwF8JAxth5HE8hEu2BhIMyijnbBbW+J+Gg2KToaPUIq83/0k0+FYfUr6rMZnsLZn4gBFg==, tarball: file:../inngest/inngest.tgz}
    version: 3.25.1
    engines: {node: '>=14'}
    peerDependencies:
      '@sveltejs/kit': '>=1.27.3'
      '@vercel/node': '>=2.15.9'
      aws-lambda: '>=1.0.7'
      express: '>=4.19.2'
      fastify: '>=4.21.0'
      h3: '>=1.8.1'
      hono: '>=4.2.7'
      koa: '>=2.14.2'
      next: '>=12.0.0'
      typescript: '>=4.7.2'
    peerDependenciesMeta:
      '@sveltejs/kit':
        optional: true
      '@vercel/node':
        optional: true
      aws-lambda:
        optional: true
      express:
        optional: true
      fastify:
        optional: true
      h3:
        optional: true
      hono:
        optional: true
      koa:
        optional: true
      next:
        optional: true
      typescript:
        optional: true

  json-stringify-safe@5.0.1:
    resolution: {integrity: sha512-ZClg6AaYvamvYEE82d3Iyd3vSSIjQ+odgjaTzRuO3s7toCdFKczob2i0zCh7JE8kWn17yvAWhUVxvqGwUalsRA==}

  minimalistic-assert@1.0.1:
    resolution: {integrity: sha512-UtJcAD4yEaGtjPezWuO9wC4nwUnVH/8/Im3yEHQP4b67cXlD/Qr9hdITCU1xDbSEXg2XKNaP8jsReV7vQd00/A==}

  ms@2.1.3:
    resolution: {integrity: sha512-6FlzubTLZG3J2a/NVCAleEhjzq5oxgHyaCU9yYXvcLsvoVaHJq/s5xXI6/XXP6tz7R9xAOtHnSO/tXtF3WRTlA==}

  node-fetch@2.7.0:
    resolution: {integrity: sha512-c4FRfUm/dbcWZ7U+1Wq0AwCyFL+3nt2bEw05wfxSz+DWpWsitgmSgYmy2dQdWyKC1694ELPqMs/YzUSNozLt8A==}
    engines: {node: 4.x || >=6.0.0}
    peerDependencies:
      encoding: ^0.1.0
    peerDependenciesMeta:
      encoding:
        optional: true

  serialize-error-cjs@0.1.3:
    resolution: {integrity: sha512-GXwbHkufrNZ87O7DUEvWhR8eBnOqiXtHsOXakkJliG7eLDmjh6gDlbJbMZFFbUx0J5sXKgwq4NFCs41dF5MhiA==}

  strip-ansi@5.2.0:
    resolution: {integrity: sha512-DuRs1gKbBqsMKIZlrffwlug8MHkcnpjs5VPmL1PAh+mA30U0DTotfDZ0d2UUsXpPmPmMMJ6W773MaA3J+lbiWA==}
    engines: {node: '>=6'}

  supports-color@7.2.0:
    resolution: {integrity: sha512-qpCAvRl9stuOHveKsn7HncJRvv501qIacKzQlO/+Lwxc9+0q2wLyv4Dfvt80/DPn2pqOBsJdDiogXGR9+OvwRw==}
    engines: {node: '>=8'}

  tinyspy@3.0.2:
    resolution: {integrity: sha512-n1cw8k1k0x4pgA2+9XrOkFydTerNcJ1zWCO5Nn9scWHTD+5tp8dghT2x1uduQePZTZgd3Tupf+x9BxJjeJi77Q==}
    engines: {node: '>=14.0.0'}

  tr46@0.0.3:
    resolution: {integrity: sha512-N3WMsuqV66lT30CrXNbEjx4GEwlow3v6rr4mCcv6prnfwhS01rkgyFdjPNBYd9br7LpXV1+Emh01fHnq2Gdgrw==}

  ulid@2.3.0:
    resolution: {integrity: sha512-keqHubrlpvT6G2wH0OEfSW4mquYRcbe/J8NMmveoQOjUqmo+hXtO+ORCpWhdbZ7k72UtY61BL7haGxW6enBnjw==}
    hasBin: true

  webidl-conversions@3.0.1:
    resolution: {integrity: sha512-2JAn3z8AR6rjK8Sm8orRC0h/bcl/DqL7tRPdGZ4I1CjdF+EaMLmYxBHyXuKL849eucPFhvBoxMsflfOb8kxaeQ==}

  whatwg-url@5.0.0:
    resolution: {integrity: sha512-saE57nupxk6v3HY35+jzBwYa0rKSy0XR8JSxZPwgLr7ys0IBzhGviA1/TUGJLmSVqs8pb9AnvICXEuOHLprYTw==}

  zod@3.22.5:
    resolution: {integrity: sha512-HqnGsCdVZ2xc0qWPLdO25WnseXThh0kEYKIdV5F/hTHO75hNZFp8thxSeHhiPrHZKrFTo1SOgkAj9po5bexZlw==}

snapshots:

  '@inngest/test@file:../test/inngest-test.tgz':
    dependencies:
      inngest: 3.25.1
      tinyspy: 3.0.2
      ulid: 2.3.0
    transitivePeerDependencies:
      - '@sveltejs/kit'
      - '@vercel/node'
      - aws-lambda
      - encoding
      - express
      - fastify
      - h3
      - hono
      - koa
      - next
      - supports-color

  '@types/debug@4.1.12':
    dependencies:
      '@types/ms': 0.7.34

  '@types/ms@0.7.34': {}

  ansi-regex@4.1.1: {}

  ansi-styles@4.3.0:
    dependencies:
      color-convert: 2.0.1

  canonicalize@1.0.8: {}

  chalk@4.1.2:
    dependencies:
      ansi-styles: 4.3.0
      supports-color: 7.2.0

  color-convert@2.0.1:
    dependencies:
      color-name: 1.1.4

  color-name@1.1.4: {}

  cross-fetch@4.0.0:
    dependencies:
      node-fetch: 2.7.0
    transitivePeerDependencies:
      - encoding

  debug@4.3.7:
    dependencies:
      ms: 2.1.3

  has-flag@4.0.0: {}

  hash.js@1.1.7:
    dependencies:
      inherits: 2.0.4
      minimalistic-assert: 1.0.1

  inherits@2.0.4: {}

  inngest@3.25.1:
    dependencies:
      '@types/debug': 4.1.12
      canonicalize: 1.0.8
      chalk: 4.1.2
      cross-fetch: 4.0.0
      debug: 4.3.7
      hash.js: 1.1.7
      json-stringify-safe: 5.0.1
      ms: 2.1.3
      serialize-error-cjs: 0.1.3
      strip-ansi: 5.2.0
      zod: 3.22.5
    transitivePeerDependencies:
      - encoding
      - supports-color

  inngest@file:../inngest/inngest.tgz:
    dependencies:
      '@types/debug': 4.1.12
      canonicalize: 1.0.8
      chalk: 4.1.2
      cross-fetch: 4.0.0
      debug: 4.3.7
      hash.js: 1.1.7
      json-stringify-safe: 5.0.1
      ms: 2.1.3
      serialize-error-cjs: 0.1.3
      strip-ansi: 5.2.0
      zod: 3.22.5
    transitivePeerDependencies:
      - encoding
      - supports-color

  json-stringify-safe@5.0.1: {}

  minimalistic-assert@1.0.1: {}

  ms@2.1.3: {}

  node-fetch@2.7.0:
    dependencies:
      whatwg-url: 5.0.0

  serialize-error-cjs@0.1.3: {}

  strip-ansi@5.2.0:
    dependencies:
      ansi-regex: 4.1.1

  supports-color@7.2.0:
    dependencies:
      has-flag: 4.0.0

  tinyspy@3.0.2: {}

  tr46@0.0.3: {}

  ulid@2.3.0: {}

  webidl-conversions@3.0.1: {}

  whatwg-url@5.0.0:
    dependencies:
      tr46: 0.0.3
      webidl-conversions: 3.0.1

  zod@3.22.5: {}
